
Microsoft Visual Studio Solution File, Format Version 12.00
# Visual Studio Version 16
VisualStudioVersion = 16.0.30907.101
MinimumVisualStudioVersion = 10.0.40219.1
Project("{9A19103F-16F7-4668-BE54-9A1E7A4F7556}") = "BookApp.React", "BookApp.React\BookApp.React.csproj", "{A2F27300-242C-4CC3-BB88-11116D51F353}"
EndProject
Project("{00D1A9C2-B5F0-4AF3-8072-F6C62B433612}") = "BookApp.SqlServer", "BookApp.SqlServer\BookApp.SqlServer.sqlproj", "{AB6B09A6-C9FE-4D9C-8F08-9BEC15920656}"
EndProject
Project("{9A19103F-16F7-4668-BE54-9A1E7A4F7556}") = "BookApp.Shared", "BookApp.Shared\BookApp.Shared.csproj", "{97FD6162-320A-40DB-A816-4795CD4B2141}"
EndProject
Project("{FAE04EC0-301F-11D3-BF4B-00C04F79EFBC}") = "BookApp.Apis", "BookApp.Apis\BookApp.Apis.csproj", "{A3F16FAC-8B9C-46AD-AB65-998D3D2ABFB4}"
EndProject
Global
	GlobalSection(SolutionConfigurationPlatforms) = preSolution
		Debug|Any CPU = Debug|Any CPU
		Release|Any CPU = Release|Any CPU
	EndGlobalSection
	GlobalSection(ProjectConfigurationPlatforms) = postSolution
		{A2F27300-242C-4CC3-BB88-11116D51F353}.Debug|Any CPU.ActiveCfg = Debug|Any CPU
		{A2F27300-242C-4CC3-BB88-11116D51F353}.Debug|Any CPU.Build.0 = Debug|Any CPU
		{A2F27300-242C-4CC3-BB88-11116D51F353}.Release|Any CPU.ActiveCfg = Release|Any CPU
		{A2F27300-242C-4CC3-BB88-11116D51F353}.Release|Any CPU.Build.0 = Release|Any CPU
		{AB6B09A6-C9FE-4D9C-8F08-9BEC15920656}.Debug|Any CPU.ActiveCfg = Debug|Any CPU
		{AB6B09A6-C9FE-4D9C-8F08-9BEC15920656}.Debug|Any CPU.Build.0 = Debug|Any CPU
		{AB6B09A6-C9FE-4D9C-8F08-9BEC15920656}.Debug|Any CPU.Deploy.0 = Debug|Any CPU
		{AB6B09A6-C9FE-4D9C-8F08-9BEC15920656}.Release|Any CPU.ActiveCfg = Release|Any CPU
		{AB6B09A6-C9FE-4D9C-8F08-9BEC15920656}.Release|Any CPU.Build.0 = Release|Any CPU
		{AB6B09A6-C9FE-4D9C-8F08-9BEC15920656}.Release|Any CPU.Deploy.0 = Release|Any CPU
		{97FD6162-320A-40DB-A816-4795CD4B2141}.Debug|Any CPU.ActiveCfg = Debug|Any CPU
		{97FD6162-320A-40DB-A816-4795CD4B2141}.Debug|Any CPU.Build.0 = Debug|Any CPU
		{97FD6162-320A-40DB-A816-4795CD4B2141}.Release|Any CPU.ActiveCfg = Release|Any CPU
		{97FD6162-320A-40DB-A816-4795CD4B2141}.Release|Any CPU.Build.0 = Release|Any CPU
		{A3F16FAC-8B9C-46AD-AB65-998D3D2ABFB4}.Debug|Any CPU.ActiveCfg = Debug|Any CPU
		{A3F16FAC-8B9C-46AD-AB65-998D3D2ABFB4}.Debug|Any CPU.Build.0 = Debug|Any CPU
		{A3F16FAC-8B9C-46AD-AB65-998D3D2ABFB4}.Release|Any CPU.ActiveCfg = Release|Any CPU
		{A3F16FAC-8B9C-46AD-AB65-998D3D2ABFB4}.Release|Any CPU.Build.0 = Release|Any CPU
	EndGlobalSection
	GlobalSection(SolutionProperties) = preSolution
		HideSolutionNode = FALSE
	EndGlobalSection
	GlobalSection(ExtensibilityGlobals) = postSolution
		SolutionGuid = {25044CDD-4AFF-47E2-A9B4-BAD18C4DF127}
	EndGlobalSection
EndGlobal
